{
    "version": 3,
    "terraform_version": "0.11.7",
    "serial": 23,
    "lineage": "8fb260e0-9f9b-21b7-01da-9711b42ffe91",
    "modules": [
        {
            "path": [
                "root"
            ],
            "outputs": {},
            "resources": {
                "aws_alb.AppLoadBalancer": {
                    "type": "aws_alb",
                    "depends_on": [
                        "aws_security_group.InstanceSecGroup"
                    ],
                    "primary": {
                        "id": "arn:aws:elasticloadbalancing:us-east-1:598285739743:loadbalancer/app/tf-lb-20180831141100520100000003/2a9e1a36027e8d0a",
                        "attributes": {
                            "access_logs.#": "0",
                            "arn": "arn:aws:elasticloadbalancing:us-east-1:598285739743:loadbalancer/app/tf-lb-20180831141100520100000003/2a9e1a36027e8d0a",
                            "arn_suffix": "app/tf-lb-20180831141100520100000003/2a9e1a36027e8d0a",
                            "dns_name": "tf-lb-20180831141100520100000003-828026826.us-east-1.elb.amazonaws.com",
                            "enable_deletion_protection": "false",
                            "enable_http2": "true",
                            "id": "arn:aws:elasticloadbalancing:us-east-1:598285739743:loadbalancer/app/tf-lb-20180831141100520100000003/2a9e1a36027e8d0a",
                            "idle_timeout": "60",
                            "internal": "false",
                            "ip_address_type": "ipv4",
                            "load_balancer_type": "application",
                            "name": "tf-lb-20180831141100520100000003",
                            "security_groups.#": "1",
                            "security_groups.2790729478": "sg-0a3a2ef1ca720bfcb",
                            "subnet_mapping.#": "0",
                            "subnets.#": "2",
                            "subnets.335379408": "subnet-0bbd9acc50009f861",
                            "subnets.863789893": "subnet-049eb8282c546ed44",
                            "tags.%": "0",
                            "vpc_id": "vpc-09fc024f9212e9c1f",
                            "zone_id": "Z35SXDOTRQ7X7K"
                        },
                        "meta": {
                            "e2bfb730-ecaa-11e6-8f88-34363bc7c4c0": {
                                "create": 600000000000,
                                "delete": 600000000000,
                                "update": 600000000000
                            }
                        },
                        "tainted": false
                    },
                    "deposed": [],
                    "provider": "provider.aws"
                },
                "aws_alb_listener.AlbListener": {
                    "type": "aws_alb_listener",
                    "depends_on": [
                        "aws_alb.AppLoadBalancer",
                        "aws_alb_target_group.AlbTargetGroup"
                    ],
                    "primary": {
                        "id": "arn:aws:elasticloadbalancing:us-east-1:598285739743:listener/app/tf-lb-20180831141100520100000003/2a9e1a36027e8d0a/0f7d1808f1223392",
                        "attributes": {
                            "arn": "arn:aws:elasticloadbalancing:us-east-1:598285739743:listener/app/tf-lb-20180831141100520100000003/2a9e1a36027e8d0a/0f7d1808f1223392",
                            "default_action.#": "1",
                            "default_action.0.target_group_arn": "arn:aws:elasticloadbalancing:us-east-1:598285739743:targetgroup/tf-20180831141100516700000002/2336293b4fa02a61",
                            "default_action.0.type": "forward",
                            "id": "arn:aws:elasticloadbalancing:us-east-1:598285739743:listener/app/tf-lb-20180831141100520100000003/2a9e1a36027e8d0a/0f7d1808f1223392",
                            "load_balancer_arn": "arn:aws:elasticloadbalancing:us-east-1:598285739743:loadbalancer/app/tf-lb-20180831141100520100000003/2a9e1a36027e8d0a",
                            "port": "80",
                            "protocol": "HTTP",
                            "ssl_policy": ""
                        },
                        "meta": {},
                        "tainted": false
                    },
                    "deposed": [],
                    "provider": "provider.aws"
                },
                "aws_alb_target_group.AlbTargetGroup": {
                    "type": "aws_alb_target_group",
                    "depends_on": [
                        "aws_security_group.InstanceSecGroup"
                    ],
                    "primary": {
                        "id": "arn:aws:elasticloadbalancing:us-east-1:598285739743:targetgroup/tf-20180831141100516700000002/2336293b4fa02a61",
                        "attributes": {
                            "arn": "arn:aws:elasticloadbalancing:us-east-1:598285739743:targetgroup/tf-20180831141100516700000002/2336293b4fa02a61",
                            "arn_suffix": "targetgroup/tf-20180831141100516700000002/2336293b4fa02a61",
                            "deregistration_delay": "300",
                            "health_check.#": "1",
                            "health_check.0.healthy_threshold": "3",
                            "health_check.0.interval": "30",
                            "health_check.0.matcher": "200",
                            "health_check.0.path": "/",
                            "health_check.0.port": "traffic-port",
                            "health_check.0.protocol": "HTTP",
                            "health_check.0.timeout": "5",
                            "health_check.0.unhealthy_threshold": "5",
                            "id": "arn:aws:elasticloadbalancing:us-east-1:598285739743:targetgroup/tf-20180831141100516700000002/2336293b4fa02a61",
                            "name": "tf-20180831141100516700000002",
                            "port": "80",
                            "protocol": "HTTP",
                            "proxy_protocol_v2": "false",
                            "slow_start": "0",
                            "stickiness.#": "1",
                            "stickiness.0.cookie_duration": "180",
                            "stickiness.0.enabled": "true",
                            "stickiness.0.type": "lb_cookie",
                            "tags.%": "0",
                            "target_type": "instance",
                            "vpc_id": "vpc-09fc024f9212e9c1f"
                        },
                        "meta": {},
                        "tainted": false
                    },
                    "deposed": [],
                    "provider": "provider.aws"
                },
                "aws_alb_target_group_attachment.AttachmentToInstance": {
                    "type": "aws_alb_target_group_attachment",
                    "depends_on": [
                        "aws_alb_target_group.AlbTargetGroup",
                        "aws_instance.web"
                    ],
                    "primary": {
                        "id": "arn:aws:elasticloadbalancing:us-east-1:598285739743:targetgroup/tf-20180831141100516700000002/2336293b4fa02a61-20180831141140620900000004",
                        "attributes": {
                            "id": "arn:aws:elasticloadbalancing:us-east-1:598285739743:targetgroup/tf-20180831141100516700000002/2336293b4fa02a61-20180831141140620900000004",
                            "port": "80",
                            "target_group_arn": "arn:aws:elasticloadbalancing:us-east-1:598285739743:targetgroup/tf-20180831141100516700000002/2336293b4fa02a61",
                            "target_id": "i-0940a25f54e6eb8ed"
                        },
                        "meta": {},
                        "tainted": false
                    },
                    "deposed": [],
                    "provider": "provider.aws"
                },
                "aws_instance.web": {
                    "type": "aws_instance",
                    "depends_on": [
                        "aws_security_group.InstanceSecGroup",
                        "data.template_file.user_data"
                    ],
                    "primary": {
                        "id": "i-0940a25f54e6eb8ed",
                        "attributes": {
                            "ami": "ami-cfe4b2b0",
                            "arn": "arn:aws:ec2:us-east-1:598285739743:instance/i-0940a25f54e6eb8ed",
                            "associate_public_ip_address": "true",
                            "availability_zone": "us-east-1a",
                            "cpu_core_count": "1",
                            "cpu_threads_per_core": "1",
                            "credit_specification.#": "1",
                            "credit_specification.0.cpu_credits": "standard",
                            "disable_api_termination": "false",
                            "ebs_block_device.#": "0",
                            "ebs_optimized": "false",
                            "ephemeral_block_device.#": "0",
                            "get_password_data": "false",
                            "iam_instance_profile": "",
                            "id": "i-0940a25f54e6eb8ed",
                            "instance_state": "running",
                            "instance_type": "t2.micro",
                            "ipv6_addresses.#": "0",
                            "key_name": "test",
                            "monitoring": "false",
                            "network_interface.#": "0",
                            "network_interface_id": "eni-06cf72ec005e7858f",
                            "password_data": "",
                            "placement_group": "",
                            "primary_network_interface_id": "eni-06cf72ec005e7858f",
                            "private_dns": "ip-10-0-0-80.ec2.internal",
                            "private_ip": "10.0.0.80",
                            "public_dns": "ec2-34-237-142-126.compute-1.amazonaws.com",
                            "public_ip": "34.237.142.126",
                            "root_block_device.#": "1",
                            "root_block_device.0.delete_on_termination": "true",
                            "root_block_device.0.iops": "100",
                            "root_block_device.0.volume_id": "vol-0346f0369751d2f19",
                            "root_block_device.0.volume_size": "8",
                            "root_block_device.0.volume_type": "gp2",
                            "security_groups.#": "0",
                            "source_dest_check": "true",
                            "subnet_id": "subnet-049eb8282c546ed44",
                            "tags.%": "1",
                            "tags.Name": "test_tf",
                            "tenancy": "default",
                            "user_data": "4623931d955408fdcc83ab1d58edd048b8cb3541",
                            "volume_tags.%": "0",
                            "vpc_security_group_ids.#": "1",
                            "vpc_security_group_ids.2790729478": "sg-0a3a2ef1ca720bfcb"
                        },
                        "meta": {
                            "e2bfb730-ecaa-11e6-8f88-34363bc7c4c0": {
                                "create": 600000000000,
                                "delete": 1200000000000,
                                "update": 600000000000
                            },
                            "schema_version": "1"
                        },
                        "tainted": false
                    },
                    "deposed": [],
                    "provider": "provider.aws"
                },
                "aws_security_group.InstanceSecGroup": {
                    "type": "aws_security_group",
                    "depends_on": [],
                    "primary": {
                        "id": "sg-0a3a2ef1ca720bfcb",
                        "attributes": {
                            "arn": "arn:aws:ec2:us-east-1:598285739743:security-group/sg-0a3a2ef1ca720bfcb",
                            "description": "Managed by Terraform",
                            "egress.#": "2",
                            "egress.2214680975.cidr_blocks.#": "1",
                            "egress.2214680975.cidr_blocks.0": "0.0.0.0/0",
                            "egress.2214680975.description": "",
                            "egress.2214680975.from_port": "80",
                            "egress.2214680975.ipv6_cidr_blocks.#": "0",
                            "egress.2214680975.prefix_list_ids.#": "0",
                            "egress.2214680975.protocol": "tcp",
                            "egress.2214680975.security_groups.#": "0",
                            "egress.2214680975.self": "false",
                            "egress.2214680975.to_port": "80",
                            "egress.2541437006.cidr_blocks.#": "1",
                            "egress.2541437006.cidr_blocks.0": "0.0.0.0/0",
                            "egress.2541437006.description": "",
                            "egress.2541437006.from_port": "22",
                            "egress.2541437006.ipv6_cidr_blocks.#": "0",
                            "egress.2541437006.prefix_list_ids.#": "0",
                            "egress.2541437006.protocol": "tcp",
                            "egress.2541437006.security_groups.#": "0",
                            "egress.2541437006.self": "false",
                            "egress.2541437006.to_port": "22",
                            "id": "sg-0a3a2ef1ca720bfcb",
                            "ingress.#": "2",
                            "ingress.2214680975.cidr_blocks.#": "1",
                            "ingress.2214680975.cidr_blocks.0": "0.0.0.0/0",
                            "ingress.2214680975.description": "",
                            "ingress.2214680975.from_port": "80",
                            "ingress.2214680975.ipv6_cidr_blocks.#": "0",
                            "ingress.2214680975.protocol": "tcp",
                            "ingress.2214680975.security_groups.#": "0",
                            "ingress.2214680975.self": "false",
                            "ingress.2214680975.to_port": "80",
                            "ingress.2541437006.cidr_blocks.#": "1",
                            "ingress.2541437006.cidr_blocks.0": "0.0.0.0/0",
                            "ingress.2541437006.description": "",
                            "ingress.2541437006.from_port": "22",
                            "ingress.2541437006.ipv6_cidr_blocks.#": "0",
                            "ingress.2541437006.protocol": "tcp",
                            "ingress.2541437006.security_groups.#": "0",
                            "ingress.2541437006.self": "false",
                            "ingress.2541437006.to_port": "22",
                            "name": "terraform-20180831141054526200000001",
                            "owner_id": "598285739743",
                            "revoke_rules_on_delete": "false",
                            "tags.%": "0",
                            "vpc_id": "vpc-09fc024f9212e9c1f"
                        },
                        "meta": {
                            "e2bfb730-ecaa-11e6-8f88-34363bc7c4c0": {
                                "create": 600000000000,
                                "delete": 600000000000
                            },
                            "schema_version": "1"
                        },
                        "tainted": false
                    },
                    "deposed": [],
                    "provider": "provider.aws"
                },
                "data.template_file.user_data": {
                    "type": "template_file",
                    "depends_on": [],
                    "primary": {
                        "id": "8e74cd93e58f15616116f444a6aabe9cbd44bca9c4e6a650c2746c0f4973ff76",
                        "attributes": {
                            "id": "8e74cd93e58f15616116f444a6aabe9cbd44bca9c4e6a650c2746c0f4973ff76",
                            "rendered": "#!/bin/bash\nyum -y update\nyum -y install nginx\nservice nginx restart",
                            "template": "#!/bin/bash\nyum -y update\nyum -y install nginx\nservice nginx restart",
                            "vars.%": "1",
                            "vars.cluster": "nginx"
                        },
                        "meta": {},
                        "tainted": false
                    },
                    "deposed": [],
                    "provider": "provider.template"
                }
            },
            "depends_on": []
        }
    ]
}
